
Microsoft Visual Studio Solution File, Format Version 12.00
# Visual Studio 15
VisualStudioVersion = 15.0.26228.9
MinimumVisualStudioVersion = 10.0.40219.1
Project("{FAE04EC0-301F-11D3-BF4B-00C04F79EFBC}") = "wrBlogs.Net", "wrBlogs.Net\wrBlogs.Net.csproj", "{EE96B212-C274-4266-B09A-CAA51B13801B}"
EndProject
Project("{FAE04EC0-301F-11D3-BF4B-00C04F79EFBC}") = "wrBlogs.Net.Model", "wrBlogs.Net.Model\wrBlogs.Net.Model.csproj", "{35C31E5B-D0FB-4D85-AE5F-6CDE6E057732}"
EndProject
Project("{FAE04EC0-301F-11D3-BF4B-00C04F79EFBC}") = "wrBlogs.Net.ViewModel", "wrBlogs.Net.ViewModel\wrBlogs.Net.ViewModel.csproj", "{16B4D662-E92B-4D95-BC8B-AB3B50868F54}"
EndProject
Project("{2150E333-8FDC-42A3-9474-1A3956D46DE8}") = "3.Web", "3.Web", "{BBB151F2-40DF-4E36-89D6-94C5E5C6615C}"
EndProject
Project("{2150E333-8FDC-42A3-9474-1A3956D46DE8}") = "2.Model", "2.Model", "{2C15E937-5B6B-426D-8E38-FE6A38A83185}"
EndProject
Project("{2150E333-8FDC-42A3-9474-1A3956D46DE8}") = "0.Utils", "0.Utils", "{B783C119-EED7-4303-9CA8-48298E7E3BB6}"
EndProject
Project("{2150E333-8FDC-42A3-9474-1A3956D46DE8}") = "1.Context", "1.Context", "{7F9C555D-9E88-4FFB-B7A0-5EC74E7D098A}"
EndProject
Project("{FAE04EC0-301F-11D3-BF4B-00C04F79EFBC}") = "wrBlogs.Net.Utils", "wrBlogs.Net.Utils\wrBlogs.Net.Utils.csproj", "{0CBA47F8-0472-491D-9B0E-9FC052B31D05}"
EndProject
Project("{FAE04EC0-301F-11D3-BF4B-00C04F79EFBC}") = "wrBlogs.Net.Context", "wrBlogs.Net.Context\wrBlogs.Net.Context.csproj", "{6F44D7A5-9C2F-49A0-94B9-8AF29E7FE4A2}"
EndProject
Global
	GlobalSection(SolutionConfigurationPlatforms) = preSolution
		Debug|Any CPU = Debug|Any CPU
		Release|Any CPU = Release|Any CPU
	EndGlobalSection
	GlobalSection(ProjectConfigurationPlatforms) = postSolution
		{EE96B212-C274-4266-B09A-CAA51B13801B}.Debug|Any CPU.ActiveCfg = Debug|Any CPU
		{EE96B212-C274-4266-B09A-CAA51B13801B}.Debug|Any CPU.Build.0 = Debug|Any CPU
		{EE96B212-C274-4266-B09A-CAA51B13801B}.Release|Any CPU.ActiveCfg = Release|Any CPU
		{EE96B212-C274-4266-B09A-CAA51B13801B}.Release|Any CPU.Build.0 = Release|Any CPU
		{35C31E5B-D0FB-4D85-AE5F-6CDE6E057732}.Debug|Any CPU.ActiveCfg = Debug|Any CPU
		{35C31E5B-D0FB-4D85-AE5F-6CDE6E057732}.Debug|Any CPU.Build.0 = Debug|Any CPU
		{35C31E5B-D0FB-4D85-AE5F-6CDE6E057732}.Release|Any CPU.ActiveCfg = Release|Any CPU
		{35C31E5B-D0FB-4D85-AE5F-6CDE6E057732}.Release|Any CPU.Build.0 = Release|Any CPU
		{16B4D662-E92B-4D95-BC8B-AB3B50868F54}.Debug|Any CPU.ActiveCfg = Debug|Any CPU
		{16B4D662-E92B-4D95-BC8B-AB3B50868F54}.Debug|Any CPU.Build.0 = Debug|Any CPU
		{16B4D662-E92B-4D95-BC8B-AB3B50868F54}.Release|Any CPU.ActiveCfg = Release|Any CPU
		{16B4D662-E92B-4D95-BC8B-AB3B50868F54}.Release|Any CPU.Build.0 = Release|Any CPU
		{0CBA47F8-0472-491D-9B0E-9FC052B31D05}.Debug|Any CPU.ActiveCfg = Debug|Any CPU
		{0CBA47F8-0472-491D-9B0E-9FC052B31D05}.Debug|Any CPU.Build.0 = Debug|Any CPU
		{0CBA47F8-0472-491D-9B0E-9FC052B31D05}.Release|Any CPU.ActiveCfg = Release|Any CPU
		{0CBA47F8-0472-491D-9B0E-9FC052B31D05}.Release|Any CPU.Build.0 = Release|Any CPU
		{6F44D7A5-9C2F-49A0-94B9-8AF29E7FE4A2}.Debug|Any CPU.ActiveCfg = Debug|Any CPU
		{6F44D7A5-9C2F-49A0-94B9-8AF29E7FE4A2}.Debug|Any CPU.Build.0 = Debug|Any CPU
		{6F44D7A5-9C2F-49A0-94B9-8AF29E7FE4A2}.Release|Any CPU.ActiveCfg = Release|Any CPU
		{6F44D7A5-9C2F-49A0-94B9-8AF29E7FE4A2}.Release|Any CPU.Build.0 = Release|Any CPU
	EndGlobalSection
	GlobalSection(SolutionProperties) = preSolution
		HideSolutionNode = FALSE
	EndGlobalSection
	GlobalSection(NestedProjects) = preSolution
		{EE96B212-C274-4266-B09A-CAA51B13801B} = {BBB151F2-40DF-4E36-89D6-94C5E5C6615C}
		{35C31E5B-D0FB-4D85-AE5F-6CDE6E057732} = {2C15E937-5B6B-426D-8E38-FE6A38A83185}
		{16B4D662-E92B-4D95-BC8B-AB3B50868F54} = {2C15E937-5B6B-426D-8E38-FE6A38A83185}
		{0CBA47F8-0472-491D-9B0E-9FC052B31D05} = {B783C119-EED7-4303-9CA8-48298E7E3BB6}
		{6F44D7A5-9C2F-49A0-94B9-8AF29E7FE4A2} = {7F9C555D-9E88-4FFB-B7A0-5EC74E7D098A}
	EndGlobalSection
EndGlobal
